# This file is automatically @generated by Cargo.
# It is not intended for manual editing.
version = 3

[[package]]
name = "android-tzdata"
version = "0.1.1"
source = "registry+https://github.com/rust-lang/crates.io-index"
checksum = "e999941b234f3131b00bc13c22d06e8c5ff726d1b6318ac7eb276997bbb4fef0"

[[package]]
name = "android_system_properties"
version = "0.1.5"
source = "registry+https://github.com/rust-lang/crates.io-index"
checksum = "819e7219dbd41043ac279b19830f2efc897156490d7fd6ea916720117ee66311"
dependencies = [
 "libc",
]

[[package]]
name = "atom_syndication"
version = "0.12.2"
source = "registry+https://github.com/rust-lang/crates.io-index"
checksum = "571832dcff775e26562e8e6930cd483de5587301d40d3a3b85d532b6383e15a7"
dependencies = [
 "chrono",
 "derive_builder",
 "diligent-date-parser",
 "never",
 "quick-xml",
]

[[package]]
name = "autocfg"
version = "1.1.0"
source = "registry+https://github.com/rust-lang/crates.io-index"
checksum = "d468802bab17cbc0cc575e9b053f41e72aa36bfa6b7f55e3529ffa43161b97fa"

[[package]]
name = "bumpalo"
version = "3.14.0"
source = "registry+https://github.com/rust-lang/crates.io-index"
checksum = "7f30e7476521f6f8af1a1c4c0b8cc94f0bee37d91763d0ca2665f299b6cd8aec"

[[package]]
name = "cc"
version = "1.0.83"
source = "registry+https://github.com/rust-lang/crates.io-index"
checksum = "f1174fb0b6ec23863f8b971027804a42614e347eafb0a95bf0b12cdae21fc4d0"
dependencies = [
 "libc",
]

[[package]]
name = "cfg-if"
version = "1.0.0"
source = "registry+https://github.com/rust-lang/crates.io-index"
checksum = "baf1de4339761588bc0619e3cbc0120ee582ebb74b53b4efbf79117bd2da40fd"

[[package]]
name = "chrono"
version = "0.4.31"
source = "registry+https://github.com/rust-lang/crates.io-index"
checksum = "7f2c685bad3eb3d45a01354cedb7d5faa66194d1d58ba6e267a8de788f79db38"
dependencies = [
 "android-tzdata",
 "iana-time-zone",
 "js-sys",
 "num-traits",
 "wasm-bindgen",
 "windows-targets",
]

[[package]]
name = "core-foundation-sys"
version = "0.8.6"
source = "registry+https://github.com/rust-lang/crates.io-index"
checksum = "06ea2b9bc92be3c2baa9334a323ebca2d6f074ff852cd1d7b11064035cd3868f"

[[package]]
name = "darling"
version = "0.14.4"
source = "registry+https://github.com/rust-lang/crates.io-index"
checksum = "7b750cb3417fd1b327431a470f388520309479ab0bf5e323505daf0290cd3850"
dependencies = [
 "darling_core",
 "darling_macro",
]

[[package]]
name = "darling_core"
version = "0.14.4"
source = "registry+https://github.com/rust-lang/crates.io-index"
checksum = "109c1ca6e6b7f82cc233a97004ea8ed7ca123a9af07a8230878fcfda9b158bf0"
dependencies = [
 "fnv",
 "ident_case",
 "proc-macro2",
 "quote",
 "strsim",
 "syn 1.0.109",
]

[[package]]
name = "darling_macro"
version = "0.14.4"
source = "registry+https://github.com/rust-lang/crates.io-index"
checksum = "a4aab4dbc9f7611d8b55048a3a16d2d010c2c8334e46304b40ac1cc14bf3b48e"
dependencies = [
 "darling_core",
 "quote",
 "syn 1.0.109",
]

[[package]]
name = "derive_builder"
version = "0.12.0"
source = "registry+https://github.com/rust-lang/crates.io-index"
checksum = "8d67778784b508018359cbc8696edb3db78160bab2c2a28ba7f56ef6932997f8"
dependencies = [
 "derive_builder_macro",
]

[[package]]
name = "derive_builder_core"
version = "0.12.0"
source = "registry+https://github.com/rust-lang/crates.io-index"
checksum = "c11bdc11a0c47bc7d37d582b5285da6849c96681023680b906673c5707af7b0f"
dependencies = [
 "darling",
 "proc-macro2",
 "quote",
 "syn 1.0.109",
]

[[package]]
name = "derive_builder_macro"
version = "0.12.0"
source = "registry+https://github.com/rust-lang/crates.io-index"
checksum = "ebcda35c7a396850a55ffeac740804b40ffec779b98fffbb1738f4033f0ee79e"
dependencies = [
 "derive_builder_core",
 "syn 1.0.109",
]

[[package]]
name = "diligent-date-parser"
version = "0.1.4"
source = "registry+https://github.com/rust-lang/crates.io-index"
checksum = "f6cf7fe294274a222363f84bcb63cdea762979a0443b4cf1f4f8fd17c86b1182"
dependencies = [
 "chrono",
]

[[package]]
name = "encoding_rs"
version = "0.8.33"
source = "registry+https://github.com/rust-lang/crates.io-index"
checksum = "7268b386296a025e474d5140678f75d6de9493ae55a5d709eeb9dd08149945e1"
dependencies = [
 "cfg-if",
]

[[package]]
name = "fnv"
version = "1.0.7"
source = "registry+https://github.com/rust-lang/crates.io-index"
checksum = "3f9eec918d3f24069decb9af1554cad7c880e2da24a9afd88aca000531ab82c1"

[[package]]
name = "iana-time-zone"
version = "0.1.58"
source = "registry+https://github.com/rust-lang/crates.io-index"
checksum = "8326b86b6cff230b97d0d312a6c40a60726df3332e721f72a1b035f451663b20"
dependencies = [
 "android_system_properties",
 "core-foundation-sys",
 "iana-time-zone-haiku",
 "js-sys",
 "wasm-bindgen",
 "windows-core",
]

[[package]]
name = "iana-time-zone-haiku"
version = "0.1.2"
source = "registry+https://github.com/rust-lang/crates.io-index"
checksum = "f31827a206f56af32e590ba56d5d2d085f558508192593743f16b2306495269f"
dependencies = [
 "cc",
]

[[package]]
name = "ident_case"
version = "1.0.1"
source = "registry+https://github.com/rust-lang/crates.io-index"
checksum = "b9e0384b61958566e926dc50660321d12159025e767c18e043daf26b70104c39"

[[package]]
name = "js-sys"
version = "0.3.66"
source = "registry+https://github.com/rust-lang/crates.io-index"
checksum = "cee9c64da59eae3b50095c18d3e74f8b73c0b86d2792824ff01bbce68ba229ca"
dependencies = [
 "wasm-bindgen",
]

[[package]]
name = "libc"
version = "0.2.151"
source = "registry+https://github.com/rust-lang/crates.io-index"
checksum = "302d7ab3130588088d277783b1e2d2e10c9e9e4a16dd9050e6ec93fb3e7048f4"

[[package]]
name = "log"
version = "0.4.20"
source = "registry+https://github.com/rust-lang/crates.io-index"
checksum = "b5e6163cb8c49088c2c36f57875e58ccd8c87c7427f7fbd50ea6710b2f3f2e8f"

[[package]]
name = "memchr"
version = "2.6.4"
source = "registry+https://github.com/rust-lang/crates.io-index"
checksum = "f665ee40bc4a3c5590afb1e9677db74a508659dfd71e126420da8274909a0167"

[[package]]
name = "never"
version = "0.1.0"
source = "registry+https://github.com/rust-lang/crates.io-index"
checksum = "c96aba5aa877601bb3f6dd6a63a969e1f82e60646e81e71b14496995e9853c91"

[[package]]
name = "num-traits"
version = "0.2.17"
source = "registry+https://github.com/rust-lang/crates.io-index"
checksum = "39e3200413f237f41ab11ad6d161bc7239c84dcb631773ccd7de3dfe4b5c267c"
dependencies = [
 "autocfg",
]

[[package]]
name = "once_cell"
version = "1.19.0"
source = "registry+https://github.com/rust-lang/crates.io-index"
checksum = "3fdb12b2476b595f9358c5161aa467c2438859caa136dec86c26fdd2efe17b92"

[[package]]
name = "proc-macro2"
version = "1.0.71"
source = "registry+https://github.com/rust-lang/crates.io-index"
checksum = "75cb1540fadbd5b8fbccc4dddad2734eba435053f725621c070711a14bb5f4b8"
dependencies = [
 "unicode-ident",
]

[[package]]
name = "quick-xml"
version = "0.30.0"
source = "registry+https://github.com/rust-lang/crates.io-index"
checksum = "eff6510e86862b57b210fd8cbe8ed3f0d7d600b9c2863cd4549a2e033c66e956"
dependencies = [
 "encoding_rs",
 "memchr",
]

[[package]]
name = "quote"
version = "1.0.33"
source = "registry+https://github.com/rust-lang/crates.io-index"
checksum = "5267fca4496028628a95160fc423a33e8b2e6af8a5302579e322e4b520293cae"
dependencies = [
 "proc-macro2",
]

[[package]]
name = "rs-feed-utils"
version = "0.1.0"
dependencies = [
 "atom_syndication",
 "chrono",
 "rss",
]

[[package]]
name = "rss"
version = "2.0.6"
source = "registry+https://github.com/rust-lang/crates.io-index"
checksum = "7e6c0ea0e621c2a3aa34850ebd711526f0ac7385921f57d2430a47cecc7b9cbc"
dependencies = [
 "atom_syndication",
 "derive_builder",
 "never",
 "quick-xml",
]

[[package]]
name = "strsim"
version = "0.10.0"
source = "registry+https://github.com/rust-lang/crates.io-index"
checksum = "73473c0e59e6d5812c5dfe2a064a6444949f089e20eec9a2e5506596494e4623"

[[package]]
name = "syn"
version = "1.0.109"
source = "registry+https://github.com/rust-lang/crates.io-index"
checksum = "72b64191b275b66ffe2469e8af2c1cfe3bafa67b529ead792a6d0160888b4237"
dependencies = [
 "proc-macro2",
 "quote",
 "unicode-ident",
]

[[package]]
name = "syn"
version = "2.0.42"
source = "registry+https://github.com/rust-lang/crates.io-index"
checksum = "5b7d0a2c048d661a1a59fcd7355baa232f7ed34e0ee4df2eef3c1c1c0d3852d8"
dependencies = [
 "proc-macro2",
 "quote",
 "unicode-ident",
]

[[package]]
name = "unicode-ident"
version = "1.0.12"
source = "registry+https://github.com/rust-lang/crates.io-index"
checksum = "3354b9ac3fae1ff6755cb6db53683adb661634f67557942dea4facebec0fee4b"

[[package]]
name = "wasm-bindgen"
version = "0.2.89"
source = "registry+https://github.com/rust-lang/crates.io-index"
checksum = "0ed0d4f68a3015cc185aff4db9506a015f4b96f95303897bfa23f846db54064e"
dependencies = [
 "cfg-if",
 "wasm-bindgen-macro",
]

[[package]]
name = "wasm-bindgen-backend"
version = "0.2.89"
source = "registry+https://github.com/rust-lang/crates.io-index"
checksum = "1b56f625e64f3a1084ded111c4d5f477df9f8c92df113852fa5a374dbda78826"
dependencies = [
 "bumpalo",
 "log",
 "once_cell",
 "proc-macro2",
 "quote",
 "syn 2.0.42",
 "wasm-bindgen-shared",
]

[[package]]
name = "wasm-bindgen-macro"
version = "0.2.89"
source = "registry+https://github.com/rust-lang/crates.io-index"
checksum = "0162dbf37223cd2afce98f3d0785506dcb8d266223983e4b5b525859e6e182b2"
dependencies = [
 "quote",
 "wasm-bindgen-macro-support",
]

[[package]]
name = "wasm-bindgen-macro-support"
version = "0.2.89"
source = "registry+https://github.com/rust-lang/crates.io-index"
checksum = "f0eb82fcb7930ae6219a7ecfd55b217f5f0893484b7a13022ebb2b2bf20b5283"
dependencies = [
 "proc-macro2",
 "quote",
 "syn 2.0.42",
 "wasm-bindgen-backend",
 "wasm-bindgen-shared",
]

[[package]]
name = "wasm-bindgen-shared"
version = "0.2.89"
source = "registry+https://github.com/rust-lang/crates.io-index"
checksum = "7ab9b36309365056cd639da3134bf87fa8f3d86008abf99e612384a6eecd459f"

[[package]]
name = "windows-core"
version = "0.51.1"
source = "registry+https://github.com/rust-lang/crates.io-index"
checksum = "f1f8cf84f35d2db49a46868f947758c7a1138116f7fac3bc844f43ade1292e64"
dependencies = [
 "windows-targets",
]

[[package]]
name = "windows-targets"
version = "0.48.5"
source = "registry+https://github.com/rust-lang/crates.io-index"
checksum = "9a2fa6e2155d7247be68c096456083145c183cbbbc2764150dda45a87197940c"
dependencies = [
 "windows_aarch64_gnullvm",
 "windows_aarch64_msvc",
 "windows_i686_gnu",
 "windows_i686_msvc",
 "windows_x86_64_gnu",
 "windows_x86_64_gnullvm",
 "windows_x86_64_msvc",
]

[[package]]
name = "windows_aarch64_gnullvm"
version = "0.48.5"
source = "registry+https://github.com/rust-lang/crates.io-index"
checksum = "2b38e32f0abccf9987a4e3079dfb67dcd799fb61361e53e2882c3cbaf0d905d8"

[[package]]
name = "windows_aarch64_msvc"
version = "0.48.5"
source = "registry+https://github.com/rust-lang/crates.io-index"
checksum = "dc35310971f3b2dbbf3f0690a219f40e2d9afcf64f9ab7cc1be722937c26b4bc"

[[package]]
name = "windows_i686_gnu"
version = "0.48.5"
source = "registry+https://github.com/rust-lang/crates.io-index"
checksum = "a75915e7def60c94dcef72200b9a8e58e5091744960da64ec734a6c6e9b3743e"

[[package]]
name = "windows_i686_msvc"
version = "0.48.5"
source = "registry+https://github.com/rust-lang/crates.io-index"
checksum = "8f55c233f70c4b27f66c523580f78f1004e8b5a8b659e05a4eb49d4166cca406"

[[package]]
name = "windows_x86_64_gnu"
version = "0.48.5"
source = "registry+https://github.com/rust-lang/crates.io-index"
checksum = "53d40abd2583d23e4718fddf1ebec84dbff8381c07cae67ff7768bbf19c6718e"

[[package]]
name = "windows_x86_64_gnullvm"
version = "0.48.5"
source = "registry+https://github.com/rust-lang/crates.io-index"
checksum = "0b7b52767868a23d5bab768e390dc5f5c55825b6d30b86c844ff2dc7414044cc"

[[package]]
name = "windows_x86_64_msvc"
version = "0.48.5"
source = "registry+https://github.com/rust-lang/crates.io-index"
checksum = "ed94fce61571a4006852b7389a063ab983c02eb1bb37b47f8272ce92d06d9538"
